// !$*UTF8*$!
{
	archiveVersion = 1;
	classes = {
	};
	objectVersion = 46;
	objects = {

/* Begin PBXBuildFile section */
		C9D507D7189E1AD700AF1FC4 /* main.cpp in Sources */ = {isa = PBXBuildFile; fileRef = C9D507D6189E1AD700AF1FC4 /* main.cpp */; };
		C9D507D9189E1AD700AF1FC4 /* Q1039.1 in CopyFiles */ = {isa = PBXBuildFile; fileRef = C9D507D8189E1AD700AF1FC4 /* Q1039.1 */; };
/* End PBXBuildFile section */

/* Begin PBXCopyFilesBuildPhase section */
		C9D507D1189E1AD700AF1FC4 /* CopyFiles */ = {
			isa = PBXCopyFilesBuildPhase;
			buildActionMask = 2147483647;
			dstPath = /usr/share/man/man1/;
			dstSubfolderSpec = 0;
			files = (
				C9D507D9189E1AD700AF1FC4 /* Q1039.1 in CopyFiles */,
			);
			runOnlyForDeploymentPostprocessing = 1;
		};
/* End PBXCopyFilesBuildPhase section */

/* Begin PBXFileReference section */
		C9D507D3189E1AD700AF1FC4 /* Q1039 */ = {isa = PBXFileReference; explicitFileType = "compiled.mach-o.executable"; includeInIndex = 0; path = Q1039; sourceTree = BUILT_PRODUCTS_DIR; };
		C9D507D6189E1AD700AF1FC4 /* main.cpp */ = {isa = PBXFileReference; lastKnownFileType = sourcecode.cpp.cpp; path = main.cpp; sourceTree = "<group>"; };
		C9D507D8189E1AD700AF1FC4 /* Q1039.1 */ = {isa = PBXFileReference; lastKnownFileType = text.man; path = Q1039.1; sourceTree = "<group>"; };
/* End PBXFileReference section */

/* Begin PBXFrameworksBuildPhase section */
		C9D507D0189E1AD700AF1FC4 /* Frameworks */ = {
			isa = PBXFrameworksBuildPhase;
			buildActionMask = 2147483647;
			files = (
			);
			runOnlyForDeploymentPostprocessing = 0;
		};
/* End PBXFrameworksBuildPhase section */

/* Begin PBXGroup section */
		C9D507CA189E1AD700AF1FC4 = {
			isa = PBXGroup;
			children = (
				C9D507D5189E1AD700AF1FC4 /* Q1039 */,
				C9D507D4189E1AD700AF1FC4 /* Products */,
			);
			sourceTree = "<group>";
		};
		C9D507D4189E1AD700AF1FC4 /* Products */ = {
			isa = PBXGroup;
			children = (
				C9D507D3189E1AD700AF1FC4 /* Q1039 */,
			);
			name = Products;
			sourceTree = "<group>";
		};
		C9D507D5189E1AD700AF1FC4 /* Q1039 */ = {
			isa = PBXGroup;
			children = (
				C9D507D6189E1AD700AF1FC4 /* main.cpp */,
				C9D507D8189E1AD700AF1FC4 /* Q1039.1 */,
			);
			path = Q1039;
			sourceTree = "<group>";
		};
/* End PBXGroup section */

/* Begin PBXNativeTarget section */
		C9D507D2189E1AD700AF1FC4 /* Q1039 */ = {
			isa = PBXNativeTarget;
			buildConfigurationList = C9D507DC189E1AD700AF1FC4 /* Build configuration list for PBXNativeTarget "Q1039" */;
			buildPhases = (
				C9D507CF189E1AD700AF1FC4 /* Sources */,
				C9D507D0189E1AD700AF1FC4 /* Frameworks */,
				C9D507D1189E1AD700AF1FC4 /* CopyFiles */,
			);
			buildRules = (
			);
			dependencies = (
			);
			name = Q1039;
			productName = Q1039;
			productReference = C9D507D3189E1AD700AF1FC4 /* Q1039 */;
			productType = "com.apple.product-type.tool";
		};
/* End PBXNativeTarget section */

/* Begin PBXProject section */
		C9D507CB189E1AD700AF1FC4 /* Project object */ = {
			isa = PBXProject;
			attributes = {
				LastUpgradeCheck = 0500;
				ORGANIZATIONNAME = "Pumpkin Lee";
			};
			buildConfigurationList = C9D507CE189E1AD700AF1FC4 /* Build configuration list for PBXProject "Q1039" */;
			compatibilityVersion = "Xcode 3.2";
			developmentRegion = English;
			hasScannedForEncodings = 0;
			knownRegions = (
				en,
			);
			mainGroup = C9D507CA189E1AD700AF1FC4;
			productRefGroup = C9D507D4189E1AD700AF1FC4 /* Products */;
			projectDirPath = "";
			projectRoot = "";
			targets = (
				C9D507D2189E1AD700AF1FC4 /* Q1039 */,
			);
		};
/* End PBXProject section */

/* Begin PBXSourcesBuildPhase section */
		C9D507CF189E1AD700AF1FC4 /* Sources */ = {
			isa = PBXSourcesBuildPhase;
			buildActionMask = 2147483647;
			files = (
				C9D507D7189E1AD700AF1FC4 /* main.cpp in Sources */,
			);
			runOnlyForDeploymentPostprocessing = 0;
		};
/* End PBXSourcesBuildPhase section */

/* Begin XCBuildConfiguration section */
		C9D507DA189E1AD700AF1FC4 /* Debug */ = {
			isa = XCBuildConfiguration;
			buildSettings = {
				ALWAYS_SEARCH_USER_PATHS = NO;
				CLANG_CXX_LANGUAGE_STANDARD = "gnu++0x";
				CLANG_CXX_LIBRARY = "libc++";
				CLANG_ENABLE_OBJC_ARC = YES;
				CLANG_WARN_BOOL_CONVERSION = YES;
				CLANG_WARN_CONSTANT_CONVERSION = YES;
				CLANG_WARN_DIRECT_OBJC_ISA_USAGE = YES_ERROR;
				CLANG_WARN_EMPTY_BODY = YES;
				CLANG_WARN_ENUM_CONVERSION = YES;
				CLANG_WARN_INT_CONVERSION = YES;
				CLANG_WARN_OBJC_ROOT_CLASS = YES_ERROR;
				CLANG_WARN__DUPLICATE_METHOD_MATCH = YES;
				COPY_PHASE_STRIP = NO;
				GCC_C_LANGUAGE_STANDARD = gnu99;
				GCC_DYNAMIC_NO_PIC = NO;
				GCC_ENABLE_OBJC_EXCEPTIONS = YES;
				GCC_OPTIMIZATION_LEVEL = 0;
				GCC_PREPROCESSOR_DEFINITIONS = (
					"DEBUG=1",
					"$(inherited)",
				);
				GCC_SYMBOLS_PRIVATE_EXTERN = NO;
				GCC_WARN_64_TO_32_BIT_CONVERSION = YES;
				GCC_WARN_ABOUT_RETURN_TYPE = YES_ERROR;
				GCC_WARN_UNDECLARED_SELECTOR = YES;
				GCC_WARN_UNINITIALIZED_AUTOS = YES;
				GCC_WARN_UNUSED_FUNCTION = YES;
				GCC_WARN_UNUSED_VARIABLE = YES;
				MACOSX_DEPLOYMENT_TARGET = 10.9;
				ONLY_ACTIVE_ARCH = YES;
				SDKROOT = macosx;
			};
			name = Debug;
		};
		C9D507DB189E1AD700AF1FC4 /* Release */ = {
			isa = XCBuildConfiguration;
			buildSettings = {
				ALWAYS_SEARCH_USER_PATHS = NO;
				CLANG_CXX_LANGUAGE_STANDARD = "gnu++0x";
				CLANG_CXX_LIBRARY = "libc++";
				CLANG_ENABLE_OBJC_ARC = YES;
				CLANG_WARN_BOOL_CONVERSION = YES;
				CLANG_WARN_CONSTANT_CONVERSION = YES;
				CLANG_WARN_DIRECT_OBJC_ISA_USAGE = YES_ERROR;
				CLANG_WARN_EMPTY_BODY = YES;
				CLANG_WARN_ENUM_CONVERSION = YES;
				CLANG_WARN_INT_CONVERSION = YES;
				CLANG_WARN_OBJC_ROOT_CLASS = YES_ERROR;
				CLANG_WARN__DUPLICATE_METHOD_MATCH = YES;
				COPY_PHASE_STRIP = YES;
				DEBUG_INFORMATION_FORMAT = "dwarf-with-dsym";
				ENABLE_NS_ASSERTIONS = NO;
				GCC_C_LANGUAGE_STANDARD = gnu99;
				GCC_ENABLE_OBJC_EXCEPTIONS = YES;
				GCC_WARN_64_TO_32_BIT_CONVERSION = YES;
				GCC_WARN_ABOUT_RETURN_TYPE = YES_ERROR;
				GCC_WARN_UNDECLARED_SELECTOR = YES;
				GCC_WARN_UNINITIALIZED_AUTOS = YES;
				GCC_WARN_UNUSED_FUNCTION = YES;
				GCC_WARN_UNUSED_VARIABLE = YES;
				MACOSX_DEPLOYMENT_TARGET = 10.9;
				SDKROOT = macosx;
			};
			name = Release;
		};
		C9D507DD189E1AD700AF1FC4 /* Debug */ = {
			isa = XCBuildConfiguration;
			buildSettings = {
				PRODUCT_NAME = "$(TARGET_NAME)";
			};
			name = Debug;
		};
		C9D507DE189E1AD700AF1FC4 /* Release */ = {
			isa = XCBuildConfiguration;
			buildSettings = {
				PRODUCT_NAME = "$(TARGET_NAME)";
			};
			name = Release;
		};
/* End XCBuildConfiguration section */

/* Begin XCConfigurationList section */
		C9D507CE189E1AD700AF1FC4 /* Build configuration list for PBXProject "Q1039" */ = {
			isa = XCConfigurationList;
			buildConfigurations = (
				C9D507DA189E1AD700AF1FC4 /* Debug */,
				C9D507DB189E1AD700AF1FC4 /* Release */,
			);
			defaultConfigurationIsVisible = 0;
			defaultConfigurationName = Release;
		};
		C9D507DC189E1AD700AF1FC4 /* Build configuration list for PBXNativeTarget "Q1039" */ = {
			isa = XCConfigurationList;
			buildConfigurations = (
				C9D507DD189E1AD700AF1FC4 /* Debug */,
				C9D507DE189E1AD700AF1FC4 /* Release */,
			);
			defaultConfigurationIsVisible = 0;
		};
/* End XCConfigurationList section */
	};
	rootObject = C9D507CB189E1AD700AF1FC4 /* Project object */;
}
